
Microsoft Visual Studio Solution File, Format Version 12.00
# Visual Studio 15
VisualStudioVersion = 15.0.28307.421
MinimumVisualStudioVersion = 10.0.40219.1
Project("{FAE04EC0-301F-11D3-BF4B-00C04F79EFBC}") = "mvcPhone", "mvcPhone\mvcPhone.csproj", "{E027F152-08F6-4356-96D6-4DB3B72D2699}"
EndProject
Project("{FAE04EC0-301F-11D3-BF4B-00C04F79EFBC}") = "apiPhone", "apiPhone\apiPhone.csproj", "{7506DADE-6268-4E73-A8AE-EF89F2F5A289}"
EndProject
Project("{FAE04EC0-301F-11D3-BF4B-00C04F79EFBC}") = "appPhone.Android", "appPhone\appPhone.Android\appPhone.Android.csproj", "{897F766B-038D-4124-9361-A77BB4E45067}"
EndProject
Project("{FAE04EC0-301F-11D3-BF4B-00C04F79EFBC}") = "appPhone.iOS", "appPhone\appPhone.iOS\appPhone.iOS.csproj", "{A3D9C236-360C-4438-ACB3-8A2B81D5F49C}"
EndProject
Project("{FAE04EC0-301F-11D3-BF4B-00C04F79EFBC}") = "appPhone", "appPhone\appPhone\appPhone.csproj", "{EFAC9E09-A3FF-405D-B547-E8B2B73D5B67}"
EndProject
Global
	GlobalSection(SolutionConfigurationPlatforms) = preSolution
		Ad-Hoc|Any CPU = Ad-Hoc|Any CPU
		Ad-Hoc|iPhone = Ad-Hoc|iPhone
		Ad-Hoc|iPhoneSimulator = Ad-Hoc|iPhoneSimulator
		AppStore|Any CPU = AppStore|Any CPU
		AppStore|iPhone = AppStore|iPhone
		AppStore|iPhoneSimulator = AppStore|iPhoneSimulator
		Debug|Any CPU = Debug|Any CPU
		Debug|iPhone = Debug|iPhone
		Debug|iPhoneSimulator = Debug|iPhoneSimulator
		Release|Any CPU = Release|Any CPU
		Release|iPhone = Release|iPhone
		Release|iPhoneSimulator = Release|iPhoneSimulator
	EndGlobalSection
	GlobalSection(ProjectConfigurationPlatforms) = postSolution
		{E027F152-08F6-4356-96D6-4DB3B72D2699}.Ad-Hoc|Any CPU.ActiveCfg = Release|Any CPU
		{E027F152-08F6-4356-96D6-4DB3B72D2699}.Ad-Hoc|Any CPU.Build.0 = Release|Any CPU
		{E027F152-08F6-4356-96D6-4DB3B72D2699}.Ad-Hoc|iPhone.ActiveCfg = Release|Any CPU
		{E027F152-08F6-4356-96D6-4DB3B72D2699}.Ad-Hoc|iPhone.Build.0 = Release|Any CPU
		{E027F152-08F6-4356-96D6-4DB3B72D2699}.Ad-Hoc|iPhoneSimulator.ActiveCfg = Release|Any CPU
		{E027F152-08F6-4356-96D6-4DB3B72D2699}.Ad-Hoc|iPhoneSimulator.Build.0 = Release|Any CPU
		{E027F152-08F6-4356-96D6-4DB3B72D2699}.AppStore|Any CPU.ActiveCfg = Release|Any CPU
		{E027F152-08F6-4356-96D6-4DB3B72D2699}.AppStore|Any CPU.Build.0 = Release|Any CPU
		{E027F152-08F6-4356-96D6-4DB3B72D2699}.AppStore|iPhone.ActiveCfg = Release|Any CPU
		{E027F152-08F6-4356-96D6-4DB3B72D2699}.AppStore|iPhone.Build.0 = Release|Any CPU
		{E027F152-08F6-4356-96D6-4DB3B72D2699}.AppStore|iPhoneSimulator.ActiveCfg = Release|Any CPU
		{E027F152-08F6-4356-96D6-4DB3B72D2699}.AppStore|iPhoneSimulator.Build.0 = Release|Any CPU
		{E027F152-08F6-4356-96D6-4DB3B72D2699}.Debug|Any CPU.ActiveCfg = Debug|Any CPU
		{E027F152-08F6-4356-96D6-4DB3B72D2699}.Debug|Any CPU.Build.0 = Debug|Any CPU
		{E027F152-08F6-4356-96D6-4DB3B72D2699}.Debug|iPhone.ActiveCfg = Debug|Any CPU
		{E027F152-08F6-4356-96D6-4DB3B72D2699}.Debug|iPhone.Build.0 = Debug|Any CPU
		{E027F152-08F6-4356-96D6-4DB3B72D2699}.Debug|iPhoneSimulator.ActiveCfg = Debug|Any CPU
		{E027F152-08F6-4356-96D6-4DB3B72D2699}.Debug|iPhoneSimulator.Build.0 = Debug|Any CPU
		{E027F152-08F6-4356-96D6-4DB3B72D2699}.Release|Any CPU.ActiveCfg = Release|Any CPU
		{E027F152-08F6-4356-96D6-4DB3B72D2699}.Release|Any CPU.Build.0 = Release|Any CPU
		{E027F152-08F6-4356-96D6-4DB3B72D2699}.Release|iPhone.ActiveCfg = Release|Any CPU
		{E027F152-08F6-4356-96D6-4DB3B72D2699}.Release|iPhone.Build.0 = Release|Any CPU
		{E027F152-08F6-4356-96D6-4DB3B72D2699}.Release|iPhoneSimulator.ActiveCfg = Release|Any CPU
		{E027F152-08F6-4356-96D6-4DB3B72D2699}.Release|iPhoneSimulator.Build.0 = Release|Any CPU
		{7506DADE-6268-4E73-A8AE-EF89F2F5A289}.Ad-Hoc|Any CPU.ActiveCfg = Release|Any CPU
		{7506DADE-6268-4E73-A8AE-EF89F2F5A289}.Ad-Hoc|Any CPU.Build.0 = Release|Any CPU
		{7506DADE-6268-4E73-A8AE-EF89F2F5A289}.Ad-Hoc|iPhone.ActiveCfg = Release|Any CPU
		{7506DADE-6268-4E73-A8AE-EF89F2F5A289}.Ad-Hoc|iPhone.Build.0 = Release|Any CPU
		{7506DADE-6268-4E73-A8AE-EF89F2F5A289}.Ad-Hoc|iPhoneSimulator.ActiveCfg = Release|Any CPU
		{7506DADE-6268-4E73-A8AE-EF89F2F5A289}.Ad-Hoc|iPhoneSimulator.Build.0 = Release|Any CPU
		{7506DADE-6268-4E73-A8AE-EF89F2F5A289}.AppStore|Any CPU.ActiveCfg = Release|Any CPU
		{7506DADE-6268-4E73-A8AE-EF89F2F5A289}.AppStore|Any CPU.Build.0 = Release|Any CPU
		{7506DADE-6268-4E73-A8AE-EF89F2F5A289}.AppStore|iPhone.ActiveCfg = Release|Any CPU
		{7506DADE-6268-4E73-A8AE-EF89F2F5A289}.AppStore|iPhone.Build.0 = Release|Any CPU
		{7506DADE-6268-4E73-A8AE-EF89F2F5A289}.AppStore|iPhoneSimulator.ActiveCfg = Release|Any CPU
		{7506DADE-6268-4E73-A8AE-EF89F2F5A289}.AppStore|iPhoneSimulator.Build.0 = Release|Any CPU
		{7506DADE-6268-4E73-A8AE-EF89F2F5A289}.Debug|Any CPU.ActiveCfg = Debug|Any CPU
		{7506DADE-6268-4E73-A8AE-EF89F2F5A289}.Debug|Any CPU.Build.0 = Debug|Any CPU
		{7506DADE-6268-4E73-A8AE-EF89F2F5A289}.Debug|iPhone.ActiveCfg = Debug|Any CPU
		{7506DADE-6268-4E73-A8AE-EF89F2F5A289}.Debug|iPhone.Build.0 = Debug|Any CPU
		{7506DADE-6268-4E73-A8AE-EF89F2F5A289}.Debug|iPhoneSimulator.ActiveCfg = Debug|Any CPU
		{7506DADE-6268-4E73-A8AE-EF89F2F5A289}.Debug|iPhoneSimulator.Build.0 = Debug|Any CPU
		{7506DADE-6268-4E73-A8AE-EF89F2F5A289}.Release|Any CPU.ActiveCfg = Release|Any CPU
		{7506DADE-6268-4E73-A8AE-EF89F2F5A289}.Release|Any CPU.Build.0 = Release|Any CPU
		{7506DADE-6268-4E73-A8AE-EF89F2F5A289}.Release|iPhone.ActiveCfg = Release|Any CPU
		{7506DADE-6268-4E73-A8AE-EF89F2F5A289}.Release|iPhone.Build.0 = Release|Any CPU
		{7506DADE-6268-4E73-A8AE-EF89F2F5A289}.Release|iPhoneSimulator.ActiveCfg = Release|Any CPU
		{7506DADE-6268-4E73-A8AE-EF89F2F5A289}.Release|iPhoneSimulator.Build.0 = Release|Any CPU
		{897F766B-038D-4124-9361-A77BB4E45067}.Ad-Hoc|Any CPU.ActiveCfg = Release|Any CPU
		{897F766B-038D-4124-9361-A77BB4E45067}.Ad-Hoc|Any CPU.Build.0 = Release|Any CPU
		{897F766B-038D-4124-9361-A77BB4E45067}.Ad-Hoc|Any CPU.Deploy.0 = Release|Any CPU
		{897F766B-038D-4124-9361-A77BB4E45067}.Ad-Hoc|iPhone.ActiveCfg = Release|Any CPU
		{897F766B-038D-4124-9361-A77BB4E45067}.Ad-Hoc|iPhone.Build.0 = Release|Any CPU
		{897F766B-038D-4124-9361-A77BB4E45067}.Ad-Hoc|iPhone.Deploy.0 = Release|Any CPU
		{897F766B-038D-4124-9361-A77BB4E45067}.Ad-Hoc|iPhoneSimulator.ActiveCfg = Release|Any CPU
		{897F766B-038D-4124-9361-A77BB4E45067}.Ad-Hoc|iPhoneSimulator.Build.0 = Release|Any CPU
		{897F766B-038D-4124-9361-A77BB4E45067}.Ad-Hoc|iPhoneSimulator.Deploy.0 = Release|Any CPU
		{897F766B-038D-4124-9361-A77BB4E45067}.AppStore|Any CPU.ActiveCfg = Release|Any CPU
		{897F766B-038D-4124-9361-A77BB4E45067}.AppStore|Any CPU.Build.0 = Release|Any CPU
		{897F766B-038D-4124-9361-A77BB4E45067}.AppStore|Any CPU.Deploy.0 = Release|Any CPU
		{897F766B-038D-4124-9361-A77BB4E45067}.AppStore|iPhone.ActiveCfg = Release|Any CPU
		{897F766B-038D-4124-9361-A77BB4E45067}.AppStore|iPhone.Build.0 = Release|Any CPU
		{897F766B-038D-4124-9361-A77BB4E45067}.AppStore|iPhone.Deploy.0 = Release|Any CPU
		{897F766B-038D-4124-9361-A77BB4E45067}.AppStore|iPhoneSimulator.ActiveCfg = Release|Any CPU
		{897F766B-038D-4124-9361-A77BB4E45067}.AppStore|iPhoneSimulator.Build.0 = Release|Any CPU
		{897F766B-038D-4124-9361-A77BB4E45067}.AppStore|iPhoneSimulator.Deploy.0 = Release|Any CPU
		{897F766B-038D-4124-9361-A77BB4E45067}.Debug|Any CPU.ActiveCfg = Debug|Any CPU
		{897F766B-038D-4124-9361-A77BB4E45067}.Debug|Any CPU.Build.0 = Debug|Any CPU
		{897F766B-038D-4124-9361-A77BB4E45067}.Debug|Any CPU.Deploy.0 = Debug|Any CPU
		{897F766B-038D-4124-9361-A77BB4E45067}.Debug|iPhone.ActiveCfg = Debug|Any CPU
		{897F766B-038D-4124-9361-A77BB4E45067}.Debug|iPhone.Build.0 = Debug|Any CPU
		{897F766B-038D-4124-9361-A77BB4E45067}.Debug|iPhone.Deploy.0 = Debug|Any CPU
		{897F766B-038D-4124-9361-A77BB4E45067}.Debug|iPhoneSimulator.ActiveCfg = Debug|Any CPU
		{897F766B-038D-4124-9361-A77BB4E45067}.Debug|iPhoneSimulator.Build.0 = Debug|Any CPU
		{897F766B-038D-4124-9361-A77BB4E45067}.Debug|iPhoneSimulator.Deploy.0 = Debug|Any CPU
		{897F766B-038D-4124-9361-A77BB4E45067}.Release|Any CPU.ActiveCfg = Release|Any CPU
		{897F766B-038D-4124-9361-A77BB4E45067}.Release|Any CPU.Build.0 = Release|Any CPU
		{897F766B-038D-4124-9361-A77BB4E45067}.Release|Any CPU.Deploy.0 = Release|Any CPU
		{897F766B-038D-4124-9361-A77BB4E45067}.Release|iPhone.ActiveCfg = Release|Any CPU
		{897F766B-038D-4124-9361-A77BB4E45067}.Release|iPhone.Build.0 = Release|Any CPU
		{897F766B-038D-4124-9361-A77BB4E45067}.Release|iPhone.Deploy.0 = Release|Any CPU
		{897F766B-038D-4124-9361-A77BB4E45067}.Release|iPhoneSimulator.ActiveCfg = Release|Any CPU
		{897F766B-038D-4124-9361-A77BB4E45067}.Release|iPhoneSimulator.Build.0 = Release|Any CPU
		{897F766B-038D-4124-9361-A77BB4E45067}.Release|iPhoneSimulator.Deploy.0 = Release|Any CPU
		{A3D9C236-360C-4438-ACB3-8A2B81D5F49C}.Ad-Hoc|Any CPU.ActiveCfg = Ad-Hoc|iPhone
		{A3D9C236-360C-4438-ACB3-8A2B81D5F49C}.Ad-Hoc|iPhone.ActiveCfg = Ad-Hoc|iPhone
		{A3D9C236-360C-4438-ACB3-8A2B81D5F49C}.Ad-Hoc|iPhone.Build.0 = Ad-Hoc|iPhone
		{A3D9C236-360C-4438-ACB3-8A2B81D5F49C}.Ad-Hoc|iPhoneSimulator.ActiveCfg = Ad-Hoc|iPhoneSimulator
		{A3D9C236-360C-4438-ACB3-8A2B81D5F49C}.Ad-Hoc|iPhoneSimulator.Build.0 = Ad-Hoc|iPhoneSimulator
		{A3D9C236-360C-4438-ACB3-8A2B81D5F49C}.AppStore|Any CPU.ActiveCfg = AppStore|iPhone
		{A3D9C236-360C-4438-ACB3-8A2B81D5F49C}.AppStore|iPhone.ActiveCfg = AppStore|iPhone
		{A3D9C236-360C-4438-ACB3-8A2B81D5F49C}.AppStore|iPhone.Build.0 = AppStore|iPhone
		{A3D9C236-360C-4438-ACB3-8A2B81D5F49C}.AppStore|iPhoneSimulator.ActiveCfg = AppStore|iPhoneSimulator
		{A3D9C236-360C-4438-ACB3-8A2B81D5F49C}.AppStore|iPhoneSimulator.Build.0 = AppStore|iPhoneSimulator
		{A3D9C236-360C-4438-ACB3-8A2B81D5F49C}.Debug|Any CPU.ActiveCfg = Debug|iPhone
		{A3D9C236-360C-4438-ACB3-8A2B81D5F49C}.Debug|iPhone.ActiveCfg = Debug|iPhone
		{A3D9C236-360C-4438-ACB3-8A2B81D5F49C}.Debug|iPhone.Build.0 = Debug|iPhone
		{A3D9C236-360C-4438-ACB3-8A2B81D5F49C}.Debug|iPhoneSimulator.ActiveCfg = Debug|iPhoneSimulator
		{A3D9C236-360C-4438-ACB3-8A2B81D5F49C}.Debug|iPhoneSimulator.Build.0 = Debug|iPhoneSimulator
		{A3D9C236-360C-4438-ACB3-8A2B81D5F49C}.Release|Any CPU.ActiveCfg = Release|iPhone
		{A3D9C236-360C-4438-ACB3-8A2B81D5F49C}.Release|iPhone.ActiveCfg = Release|iPhone
		{A3D9C236-360C-4438-ACB3-8A2B81D5F49C}.Release|iPhone.Build.0 = Release|iPhone
		{A3D9C236-360C-4438-ACB3-8A2B81D5F49C}.Release|iPhoneSimulator.ActiveCfg = Release|iPhoneSimulator
		{A3D9C236-360C-4438-ACB3-8A2B81D5F49C}.Release|iPhoneSimulator.Build.0 = Release|iPhoneSimulator
		{EFAC9E09-A3FF-405D-B547-E8B2B73D5B67}.Ad-Hoc|Any CPU.ActiveCfg = Debug|Any CPU
		{EFAC9E09-A3FF-405D-B547-E8B2B73D5B67}.Ad-Hoc|Any CPU.Build.0 = Debug|Any CPU
		{EFAC9E09-A3FF-405D-B547-E8B2B73D5B67}.Ad-Hoc|iPhone.ActiveCfg = Debug|Any CPU
		{EFAC9E09-A3FF-405D-B547-E8B2B73D5B67}.Ad-Hoc|iPhone.Build.0 = Debug|Any CPU
		{EFAC9E09-A3FF-405D-B547-E8B2B73D5B67}.Ad-Hoc|iPhoneSimulator.ActiveCfg = Debug|Any CPU
		{EFAC9E09-A3FF-405D-B547-E8B2B73D5B67}.Ad-Hoc|iPhoneSimulator.Build.0 = Debug|Any CPU
		{EFAC9E09-A3FF-405D-B547-E8B2B73D5B67}.AppStore|Any CPU.ActiveCfg = Debug|Any CPU
		{EFAC9E09-A3FF-405D-B547-E8B2B73D5B67}.AppStore|Any CPU.Build.0 = Debug|Any CPU
		{EFAC9E09-A3FF-405D-B547-E8B2B73D5B67}.AppStore|iPhone.ActiveCfg = Debug|Any CPU
		{EFAC9E09-A3FF-405D-B547-E8B2B73D5B67}.AppStore|iPhone.Build.0 = Debug|Any CPU
		{EFAC9E09-A3FF-405D-B547-E8B2B73D5B67}.AppStore|iPhoneSimulator.ActiveCfg = Debug|Any CPU
		{EFAC9E09-A3FF-405D-B547-E8B2B73D5B67}.AppStore|iPhoneSimulator.Build.0 = Debug|Any CPU
		{EFAC9E09-A3FF-405D-B547-E8B2B73D5B67}.Debug|Any CPU.ActiveCfg = Debug|Any CPU
		{EFAC9E09-A3FF-405D-B547-E8B2B73D5B67}.Debug|Any CPU.Build.0 = Debug|Any CPU
		{EFAC9E09-A3FF-405D-B547-E8B2B73D5B67}.Debug|iPhone.ActiveCfg = Debug|Any CPU
		{EFAC9E09-A3FF-405D-B547-E8B2B73D5B67}.Debug|iPhone.Build.0 = Debug|Any CPU
		{EFAC9E09-A3FF-405D-B547-E8B2B73D5B67}.Debug|iPhoneSimulator.ActiveCfg = Debug|Any CPU
		{EFAC9E09-A3FF-405D-B547-E8B2B73D5B67}.Debug|iPhoneSimulator.Build.0 = Debug|Any CPU
		{EFAC9E09-A3FF-405D-B547-E8B2B73D5B67}.Release|Any CPU.ActiveCfg = Release|Any CPU
		{EFAC9E09-A3FF-405D-B547-E8B2B73D5B67}.Release|Any CPU.Build.0 = Release|Any CPU
		{EFAC9E09-A3FF-405D-B547-E8B2B73D5B67}.Release|iPhone.ActiveCfg = Release|Any CPU
		{EFAC9E09-A3FF-405D-B547-E8B2B73D5B67}.Release|iPhone.Build.0 = Release|Any CPU
		{EFAC9E09-A3FF-405D-B547-E8B2B73D5B67}.Release|iPhoneSimulator.ActiveCfg = Release|Any CPU
		{EFAC9E09-A3FF-405D-B547-E8B2B73D5B67}.Release|iPhoneSimulator.Build.0 = Release|Any CPU
	EndGlobalSection
	GlobalSection(SolutionProperties) = preSolution
		HideSolutionNode = FALSE
	EndGlobalSection
	GlobalSection(ExtensibilityGlobals) = postSolution
		SolutionGuid = {62C1BCB2-BEE2-4BCE-AF18-C067D63BF055}
	EndGlobalSection
EndGlobal
